// !$*UTF8*$!
{
	archiveVersion = 1;
	classes = {
	};
	objectVersion = 55;
	objects = {

/* Begin PBXBuildFile section */
		FA4E48DF28D45EBF007EEC24 /* News_AppApp.swift in Sources */ = {isa = PBXBuildFile; fileRef = FA4E48DE28D45EBF007EEC24 /* News_AppApp.swift */; };
		FA4E48E328D45EBF007EEC24 /* Assets.xcassets in Resources */ = {isa = PBXBuildFile; fileRef = FA4E48E228D45EBF007EEC24 /* Assets.xcassets */; };
		FA4E48E628D45EBF007EEC24 /* Preview Assets.xcassets in Resources */ = {isa = PBXBuildFile; fileRef = FA4E48E528D45EBF007EEC24 /* Preview Assets.xcassets */; };
		FA4E48EE28D45FE1007EEC24 /* HomeView.swift in Sources */ = {isa = PBXBuildFile; fileRef = FA4E48ED28D45FE1007EEC24 /* HomeView.swift */; };
		FA4E48F128D462F6007EEC24 /* NewsResponse.swift in Sources */ = {isa = PBXBuildFile; fileRef = FA4E48F028D462F6007EEC24 /* NewsResponse.swift */; };
		FA4E48F428D46464007EEC24 /* NewsEndpoint.swift in Sources */ = {isa = PBXBuildFile; fileRef = FA4E48F328D46464007EEC24 /* NewsEndpoint.swift */; };
		FA4E48F728D469E0007EEC24 /* APIError.swift in Sources */ = {isa = PBXBuildFile; fileRef = FA4E48F628D469E0007EEC24 /* APIError.swift */; };
		FA4E48FA28D4705F007EEC24 /* NewsService.swift in Sources */ = {isa = PBXBuildFile; fileRef = FA4E48F928D4705F007EEC24 /* NewsService.swift */; };
		FA4E48FD28D47AD9007EEC24 /* ResultState.swift in Sources */ = {isa = PBXBuildFile; fileRef = FA4E48FC28D47AD9007EEC24 /* ResultState.swift */; };
		FA4E490028D47BBC007EEC24 /* NewsViewModel.swift in Sources */ = {isa = PBXBuildFile; fileRef = FA4E48FF28D47BBC007EEC24 /* NewsViewModel.swift */; };
/* End PBXBuildFile section */

/* Begin PBXFileReference section */
		FA4E48DB28D45EBF007EEC24 /* News App.app */ = {isa = PBXFileReference; explicitFileType = wrapper.application; includeInIndex = 0; path = "News App.app"; sourceTree = BUILT_PRODUCTS_DIR; };
		FA4E48DE28D45EBF007EEC24 /* News_AppApp.swift */ = {isa = PBXFileReference; lastKnownFileType = sourcecode.swift; path = News_AppApp.swift; sourceTree = "<group>"; };
		FA4E48E228D45EBF007EEC24 /* Assets.xcassets */ = {isa = PBXFileReference; lastKnownFileType = folder.assetcatalog; path = Assets.xcassets; sourceTree = "<group>"; };
		FA4E48E528D45EBF007EEC24 /* Preview Assets.xcassets */ = {isa = PBXFileReference; lastKnownFileType = folder.assetcatalog; path = "Preview Assets.xcassets"; sourceTree = "<group>"; };
		FA4E48ED28D45FE1007EEC24 /* HomeView.swift */ = {isa = PBXFileReference; lastKnownFileType = sourcecode.swift; path = HomeView.swift; sourceTree = "<group>"; };
		FA4E48F028D462F6007EEC24 /* NewsResponse.swift */ = {isa = PBXFileReference; lastKnownFileType = sourcecode.swift; path = NewsResponse.swift; sourceTree = "<group>"; };
		FA4E48F328D46464007EEC24 /* NewsEndpoint.swift */ = {isa = PBXFileReference; lastKnownFileType = sourcecode.swift; path = NewsEndpoint.swift; sourceTree = "<group>"; };
		FA4E48F628D469E0007EEC24 /* APIError.swift */ = {isa = PBXFileReference; lastKnownFileType = sourcecode.swift; path = APIError.swift; sourceTree = "<group>"; };
		FA4E48F928D4705F007EEC24 /* NewsService.swift */ = {isa = PBXFileReference; lastKnownFileType = sourcecode.swift; path = NewsService.swift; sourceTree = "<group>"; };
		FA4E48FC28D47AD9007EEC24 /* ResultState.swift */ = {isa = PBXFileReference; lastKnownFileType = sourcecode.swift; path = ResultState.swift; sourceTree = "<group>"; };
		FA4E48FF28D47BBC007EEC24 /* NewsViewModel.swift */ = {isa = PBXFileReference; lastKnownFileType = sourcecode.swift; path = NewsViewModel.swift; sourceTree = "<group>"; };
/* End PBXFileReference section */

/* Begin PBXFrameworksBuildPhase section */
		FA4E48D828D45EBF007EEC24 /* Frameworks */ = {
			isa = PBXFrameworksBuildPhase;
			buildActionMask = 2147483647;
			files = (
			);
			runOnlyForDeploymentPostprocessing = 0;
		};
/* End PBXFrameworksBuildPhase section */

/* Begin PBXGroup section */
		FA4E48D228D45EBF007EEC24 = {
			isa = PBXGroup;
			children = (
				FA4E48DD28D45EBF007EEC24 /* News App */,
				FA4E48DC28D45EBF007EEC24 /* Products */,
			);
			sourceTree = "<group>";
		};
		FA4E48DC28D45EBF007EEC24 /* Products */ = {
			isa = PBXGroup;
			children = (
				FA4E48DB28D45EBF007EEC24 /* News App.app */,
			);
			name = Products;
			sourceTree = "<group>";
		};
		FA4E48DD28D45EBF007EEC24 /* News App */ = {
			isa = PBXGroup;
			children = (
				FA4E48FE28D47B8F007EEC24 /* ViewModel */,
				FA4E48FB28D47AB6007EEC24 /* States */,
				FA4E48F828D47039007EEC24 /* Service */,
				FA4E48F528D469B7007EEC24 /* Error */,
				FA4E48F228D46437007EEC24 /* Endpoint */,
				FA4E48EF28D462C2007EEC24 /* Model */,
				FA4E48EC28D45FA7007EEC24 /* Views */,
				FA4E48DE28D45EBF007EEC24 /* News_AppApp.swift */,
				FA4E48E228D45EBF007EEC24 /* Assets.xcassets */,
				FA4E48E428D45EBF007EEC24 /* Preview Content */,
			);
			path = "News App";
			sourceTree = "<group>";
		};
		FA4E48E428D45EBF007EEC24 /* Preview Content */ = {
			isa = PBXGroup;
			children = (
				FA4E48E528D45EBF007EEC24 /* Preview Assets.xcassets */,
			);
			path = "Preview Content";
			sourceTree = "<group>";
		};
		FA4E48EC28D45FA7007EEC24 /* Views */ = {
			isa = PBXGroup;
			children = (
				FA4E48ED28D45FE1007EEC24 /* HomeView.swift */,
			);
			path = Views;
			sourceTree = "<group>";
		};
		FA4E48EF28D462C2007EEC24 /* Model */ = {
			isa = PBXGroup;
			children = (
				FA4E48F028D462F6007EEC24 /* NewsResponse.swift */,
			);
			path = Model;
			sourceTree = "<group>";
		};
		FA4E48F228D46437007EEC24 /* Endpoint */ = {
			isa = PBXGroup;
			children = (
				FA4E48F328D46464007EEC24 /* NewsEndpoint.swift */,
			);
			path = Endpoint;
			sourceTree = "<group>";
		};
		FA4E48F528D469B7007EEC24 /* Error */ = {
			isa = PBXGroup;
			children = (
				FA4E48F628D469E0007EEC24 /* APIError.swift */,
			);
			path = Error;
			sourceTree = "<group>";
		};
		FA4E48F828D47039007EEC24 /* Service */ = {
			isa = PBXGroup;
			children = (
				FA4E48F928D4705F007EEC24 /* NewsService.swift */,
			);
			path = Service;
			sourceTree = "<group>";
		};
		FA4E48FB28D47AB6007EEC24 /* States */ = {
			isa = PBXGroup;
			children = (
				FA4E48FC28D47AD9007EEC24 /* ResultState.swift */,
			);
			path = States;
			sourceTree = "<group>";
		};
		FA4E48FE28D47B8F007EEC24 /* ViewModel */ = {
			isa = PBXGroup;
			children = (
				FA4E48FF28D47BBC007EEC24 /* NewsViewModel.swift */,
			);
			path = ViewModel;
			sourceTree = "<group>";
		};
/* End PBXGroup section */

/* Begin PBXNativeTarget section */
		FA4E48DA28D45EBF007EEC24 /* News App */ = {
			isa = PBXNativeTarget;
			buildConfigurationList = FA4E48E928D45EBF007EEC24 /* Build configuration list for PBXNativeTarget "News App" */;
			buildPhases = (
				FA4E48D728D45EBF007EEC24 /* Sources */,
				FA4E48D828D45EBF007EEC24 /* Frameworks */,
				FA4E48D928D45EBF007EEC24 /* Resources */,
			);
			buildRules = (
			);
			dependencies = (
			);
			name = "News App";
			productName = "News App";
			productReference = FA4E48DB28D45EBF007EEC24 /* News App.app */;
			productType = "com.apple.product-type.application";
		};
/* End PBXNativeTarget section */

/* Begin PBXProject section */
		FA4E48D328D45EBF007EEC24 /* Project object */ = {
			isa = PBXProject;
			attributes = {
				BuildIndependentTargetsInParallel = 1;
				LastSwiftUpdateCheck = 1340;
				LastUpgradeCheck = 1340;
				TargetAttributes = {
					FA4E48DA28D45EBF007EEC24 = {
						CreatedOnToolsVersion = 13.4.1;
					};
				};
			};
			buildConfigurationList = FA4E48D628D45EBF007EEC24 /* Build configuration list for PBXProject "News App" */;
			compatibilityVersion = "Xcode 13.0";
			developmentRegion = en;
			hasScannedForEncodings = 0;
			knownRegions = (
				en,
				Base,
			);
			mainGroup = FA4E48D228D45EBF007EEC24;
			productRefGroup = FA4E48DC28D45EBF007EEC24 /* Products */;
			projectDirPath = "";
			projectRoot = "";
			targets = (
				FA4E48DA28D45EBF007EEC24 /* News App */,
			);
		};
/* End PBXProject section */

/* Begin PBXResourcesBuildPhase section */
		FA4E48D928D45EBF007EEC24 /* Resources */ = {
			isa = PBXResourcesBuildPhase;
			buildActionMask = 2147483647;
			files = (
				FA4E48E628D45EBF007EEC24 /* Preview Assets.xcassets in Resources */,
				FA4E48E328D45EBF007EEC24 /* Assets.xcassets in Resources */,
			);
			runOnlyForDeploymentPostprocessing = 0;
		};
/* End PBXResourcesBuildPhase section */

/* Begin PBXSourcesBuildPhase section */
		FA4E48D728D45EBF007EEC24 /* Sources */ = {
			isa = PBXSourcesBuildPhase;
			buildActionMask = 2147483647;
			files = (
				FA4E48FD28D47AD9007EEC24 /* ResultState.swift in Sources */,
				FA4E48FA28D4705F007EEC24 /* NewsService.swift in Sources */,
				FA4E48EE28D45FE1007EEC24 /* HomeView.swift in Sources */,
				FA4E48F128D462F6007EEC24 /* NewsResponse.swift in Sources */,
				FA4E48DF28D45EBF007EEC24 /* News_AppApp.swift in Sources */,
				FA4E48F728D469E0007EEC24 /* APIError.swift in Sources */,
				FA4E48F428D46464007EEC24 /* NewsEndpoint.swift in Sources */,
				FA4E490028D47BBC007EEC24 /* NewsViewModel.swift in Sources */,
			);
			runOnlyForDeploymentPostprocessing = 0;
		};
/* End PBXSourcesBuildPhase section */

/* Begin XCBuildConfiguration section */
		FA4E48E728D45EBF007EEC24 /* Debug */ = {
			isa = XCBuildConfiguration;
			buildSettings = {
				ALWAYS_SEARCH_USER_PATHS = NO;
				CLANG_ANALYZER_NONNULL = YES;
				CLANG_ANALYZER_NUMBER_OBJECT_CONVERSION = YES_AGGRESSIVE;
				CLANG_CXX_LANGUAGE_STANDARD = "gnu++17";
				CLANG_ENABLE_MODULES = YES;
				CLANG_ENABLE_OBJC_ARC = YES;
				CLANG_ENABLE_OBJC_WEAK = YES;
				CLANG_WARN_BLOCK_CAPTURE_AUTORELEASING = YES;
				CLANG_WARN_BOOL_CONVERSION = YES;
				CLANG_WARN_COMMA = YES;
				CLANG_WARN_CONSTANT_CONVERSION = YES;
				CLANG_WARN_DEPRECATED_OBJC_IMPLEMENTATIONS = YES;
				CLANG_WARN_DIRECT_OBJC_ISA_USAGE = YES_ERROR;
				CLANG_WARN_DOCUMENTATION_COMMENTS = YES;
				CLANG_WARN_EMPTY_BODY = YES;
				CLANG_WARN_ENUM_CONVERSION = YES;
				CLANG_WARN_INFINITE_RECURSION = YES;
				CLANG_WARN_INT_CONVERSION = YES;
				CLANG_WARN_NON_LITERAL_NULL_CONVERSION = YES;
				CLANG_WARN_OBJC_IMPLICIT_RETAIN_SELF = YES;
				CLANG_WARN_OBJC_LITERAL_CONVERSION = YES;
				CLANG_WARN_OBJC_ROOT_CLASS = YES_ERROR;
				CLANG_WARN_QUOTED_INCLUDE_IN_FRAMEWORK_HEADER = YES;
				CLANG_WARN_RANGE_LOOP_ANALYSIS = YES;
				CLANG_WARN_STRICT_PROTOTYPES = YES;
				CLANG_WARN_SUSPICIOUS_MOVE = YES;
				CLANG_WARN_UNGUARDED_AVAILABILITY = YES_AGGRESSIVE;
				CLANG_WARN_UNREACHABLE_CODE = YES;
				CLANG_WARN__DUPLICATE_METHOD_MATCH = YES;
				COPY_PHASE_STRIP = NO;
				DEBUG_INFORMATION_FORMAT = dwarf;
				ENABLE_STRICT_OBJC_MSGSEND = YES;
				ENABLE_TESTABILITY = YES;
				GCC_C_LANGUAGE_STANDARD = gnu11;
				GCC_DYNAMIC_NO_PIC = NO;
				GCC_NO_COMMON_BLOCKS = YES;
				GCC_OPTIMIZATION_LEVEL = 0;
				GCC_PREPROCESSOR_DEFINITIONS = (
					"DEBUG=1",
					"$(inherited)",
				);
				GCC_WARN_64_TO_32_BIT_CONVERSION = YES;
				GCC_WARN_ABOUT_RETURN_TYPE = YES_ERROR;
				GCC_WARN_UNDECLARED_SELECTOR = YES;
				GCC_WARN_UNINITIALIZED_AUTOS = YES_AGGRESSIVE;
				GCC_WARN_UNUSED_FUNCTION = YES;
				GCC_WARN_UNUSED_VARIABLE = YES;
				IPHONEOS_DEPLOYMENT_TARGET = 15.5;
				MTL_ENABLE_DEBUG_INFO = INCLUDE_SOURCE;
				MTL_FAST_MATH = YES;
				ONLY_ACTIVE_ARCH = YES;
				SDKROOT = iphoneos;
				SWIFT_ACTIVE_COMPILATION_CONDITIONS = DEBUG;
				SWIFT_OPTIMIZATION_LEVEL = "-Onone";
			};
			name = Debug;
		};
		FA4E48E828D45EBF007EEC24 /* Release */ = {
			isa = XCBuildConfiguration;
			buildSettings = {
				ALWAYS_SEARCH_USER_PATHS = NO;
				CLANG_ANALYZER_NONNULL = YES;
				CLANG_ANALYZER_NUMBER_OBJECT_CONVERSION = YES_AGGRESSIVE;
				CLANG_CXX_LANGUAGE_STANDARD = "gnu++17";
				CLANG_ENABLE_MODULES = YES;
				CLANG_ENABLE_OBJC_ARC = YES;
				CLANG_ENABLE_OBJC_WEAK = YES;
				CLANG_WARN_BLOCK_CAPTURE_AUTORELEASING = YES;
				CLANG_WARN_BOOL_CONVERSION = YES;
				CLANG_WARN_COMMA = YES;
				CLANG_WARN_CONSTANT_CONVERSION = YES;
				CLANG_WARN_DEPRECATED_OBJC_IMPLEMENTATIONS = YES;
				CLANG_WARN_DIRECT_OBJC_ISA_USAGE = YES_ERROR;
				CLANG_WARN_DOCUMENTATION_COMMENTS = YES;
				CLANG_WARN_EMPTY_BODY = YES;
				CLANG_WARN_ENUM_CONVERSION = YES;
				CLANG_WARN_INFINITE_RECURSION = YES;
				CLANG_WARN_INT_CONVERSION = YES;
				CLANG_WARN_NON_LITERAL_NULL_CONVERSION = YES;
				CLANG_WARN_OBJC_IMPLICIT_RETAIN_SELF = YES;
				CLANG_WARN_OBJC_LITERAL_CONVERSION = YES;
				CLANG_WARN_OBJC_ROOT_CLASS = YES_ERROR;
				CLANG_WARN_QUOTED_INCLUDE_IN_FRAMEWORK_HEADER = YES;
				CLANG_WARN_RANGE_LOOP_ANALYSIS = YES;
				CLANG_WARN_STRICT_PROTOTYPES = YES;
				CLANG_WARN_SUSPICIOUS_MOVE = YES;
				CLANG_WARN_UNGUARDED_AVAILABILITY = YES_AGGRESSIVE;
				CLANG_WARN_UNREACHABLE_CODE = YES;
				CLANG_WARN__DUPLICATE_METHOD_MATCH = YES;
				COPY_PHASE_STRIP = NO;
				DEBUG_INFORMATION_FORMAT = "dwarf-with-dsym";
				ENABLE_NS_ASSERTIONS = NO;
				ENABLE_STRICT_OBJC_MSGSEND = YES;
				GCC_C_LANGUAGE_STANDARD = gnu11;
				GCC_NO_COMMON_BLOCKS = YES;
				GCC_WARN_64_TO_32_BIT_CONVERSION = YES;
				GCC_WARN_ABOUT_RETURN_TYPE = YES_ERROR;
				GCC_WARN_UNDECLARED_SELECTOR = YES;
				GCC_WARN_UNINITIALIZED_AUTOS = YES_AGGRESSIVE;
				GCC_WARN_UNUSED_FUNCTION = YES;
				GCC_WARN_UNUSED_VARIABLE = YES;
				IPHONEOS_DEPLOYMENT_TARGET = 15.5;
				MTL_ENABLE_DEBUG_INFO = NO;
				MTL_FAST_MATH = YES;
				SDKROOT = iphoneos;
				SWIFT_COMPILATION_MODE = wholemodule;
				SWIFT_OPTIMIZATION_LEVEL = "-O";
				VALIDATE_PRODUCT = YES;
			};
			name = Release;
		};
		FA4E48EA28D45EBF007EEC24 /* Debug */ = {
			isa = XCBuildConfiguration;
			buildSettings = {
				ASSETCATALOG_COMPILER_APPICON_NAME = AppIcon;
				ASSETCATALOG_COMPILER_GLOBAL_ACCENT_COLOR_NAME = AccentColor;
				CODE_SIGN_STYLE = Automatic;
				CURRENT_PROJECT_VERSION = 1;
				DEVELOPMENT_ASSET_PATHS = "\"News App/Preview Content\"";
				DEVELOPMENT_TEAM = HK28LGHUFH;
				ENABLE_PREVIEWS = YES;
				GENERATE_INFOPLIST_FILE = YES;
				INFOPLIST_KEY_UIApplicationSceneManifest_Generation = YES;
				INFOPLIST_KEY_UIApplicationSupportsIndirectInputEvents = YES;
				INFOPLIST_KEY_UILaunchScreen_Generation = YES;
				INFOPLIST_KEY_UISupportedInterfaceOrientations_iPad = "UIInterfaceOrientationPortrait UIInterfaceOrientationPortraitUpsideDown UIInterfaceOrientationLandscapeLeft UIInterfaceOrientationLandscapeRight";
				INFOPLIST_KEY_UISupportedInterfaceOrientations_iPhone = "UIInterfaceOrientationPortrait UIInterfaceOrientationLandscapeLeft UIInterfaceOrientationLandscapeRight";
				LD_RUNPATH_SEARCH_PATHS = (
					"$(inherited)",
					"@executable_path/Frameworks",
				);
				MARKETING_VERSION = 1.0;
				PRODUCT_BUNDLE_IDENTIFIER = "media.shabalin.News-App";
				PRODUCT_NAME = "$(TARGET_NAME)";
				SWIFT_EMIT_LOC_STRINGS = YES;
				SWIFT_VERSION = 5.0;
				TARGETED_DEVICE_FAMILY = "1,2";
			};
			name = Debug;
		};
		FA4E48EB28D45EBF007EEC24 /* Release */ = {
			isa = XCBuildConfiguration;
			buildSettings = {
				ASSETCATALOG_COMPILER_APPICON_NAME = AppIcon;
				ASSETCATALOG_COMPILER_GLOBAL_ACCENT_COLOR_NAME = AccentColor;
				CODE_SIGN_STYLE = Automatic;
				CURRENT_PROJECT_VERSION = 1;
				DEVELOPMENT_ASSET_PATHS = "\"News App/Preview Content\"";
				DEVELOPMENT_TEAM = HK28LGHUFH;
				ENABLE_PREVIEWS = YES;
				GENERATE_INFOPLIST_FILE = YES;
				INFOPLIST_KEY_UIApplicationSceneManifest_Generation = YES;
				INFOPLIST_KEY_UIApplicationSupportsIndirectInputEvents = YES;
				INFOPLIST_KEY_UILaunchScreen_Generation = YES;
				INFOPLIST_KEY_UISupportedInterfaceOrientations_iPad = "UIInterfaceOrientationPortrait UIInterfaceOrientationPortraitUpsideDown UIInterfaceOrientationLandscapeLeft UIInterfaceOrientationLandscapeRight";
				INFOPLIST_KEY_UISupportedInterfaceOrientations_iPhone = "UIInterfaceOrientationPortrait UIInterfaceOrientationLandscapeLeft UIInterfaceOrientationLandscapeRight";
				LD_RUNPATH_SEARCH_PATHS = (
					"$(inherited)",
					"@executable_path/Frameworks",
				);
				MARKETING_VERSION = 1.0;
				PRODUCT_BUNDLE_IDENTIFIER = "media.shabalin.News-App";
				PRODUCT_NAME = "$(TARGET_NAME)";
				SWIFT_EMIT_LOC_STRINGS = YES;
				SWIFT_VERSION = 5.0;
				TARGETED_DEVICE_FAMILY = "1,2";
			};
			name = Release;
		};
/* End XCBuildConfiguration section */

/* Begin XCConfigurationList section */
		FA4E48D628D45EBF007EEC24 /* Build configuration list for PBXProject "News App" */ = {
			isa = XCConfigurationList;
			buildConfigurations = (
				FA4E48E728D45EBF007EEC24 /* Debug */,
				FA4E48E828D45EBF007EEC24 /* Release */,
			);
			defaultConfigurationIsVisible = 0;
			defaultConfigurationName = Release;
		};
		FA4E48E928D45EBF007EEC24 /* Build configuration list for PBXNativeTarget "News App" */ = {
			isa = XCConfigurationList;
			buildConfigurations = (
				FA4E48EA28D45EBF007EEC24 /* Debug */,
				FA4E48EB28D45EBF007EEC24 /* Release */,
			);
			defaultConfigurationIsVisible = 0;
			defaultConfigurationName = Release;
		};
/* End XCConfigurationList section */
	};
	rootObject = FA4E48D328D45EBF007EEC24 /* Project object */;
}
